
Microsoft Visual Studio Solution File, Format Version 12.00
# Visual Studio Version 16
VisualStudioVersion = 16.0.31729.503
MinimumVisualStudioVersion = 10.0.40219.1
Project("{FAE04EC0-301F-11D3-BF4B-00C04F79EFBC}") = "Tehtävät 2", "Tehtävät 2\Tehtävät 2.csproj", "{D29C4D81-4D1C-4069-A72A-F2026BCA6AD5}"
EndProject
Global
	GlobalSection(SolutionConfigurationPlatforms) = preSolution
		Debug|Any CPU = Debug|Any CPU
		Release|Any CPU = Release|Any CPU
	EndGlobalSection
	GlobalSection(ProjectConfigurationPlatforms) = postSolution
		{D29C4D81-4D1C-4069-A72A-F2026BCA6AD5}.Debug|Any CPU.ActiveCfg = Debug|Any CPU
		{D29C4D81-4D1C-4069-A72A-F2026BCA6AD5}.Debug|Any CPU.Build.0 = Debug|Any CPU
		{D29C4D81-4D1C-4069-A72A-F2026BCA6AD5}.Release|Any CPU.ActiveCfg = Release|Any CPU
		{D29C4D81-4D1C-4069-A72A-F2026BCA6AD5}.Release|Any CPU.Build.0 = Release|Any CPU
	EndGlobalSection
	GlobalSection(SolutionProperties) = preSolution
		HideSolutionNode = FALSE
	EndGlobalSection
	GlobalSection(ExtensibilityGlobals) = postSolution
		SolutionGuid = {3DE18E32-4606-4852-B0A6-A8C00D63A132}
	EndGlobalSection
EndGlobal
