
Microsoft Visual Studio Solution File, Format Version 12.00
# Visual Studio Version 16
VisualStudioVersion = 16.0.31729.503
MinimumVisualStudioVersion = 10.0.40219.1
Project("{FAE04EC0-301F-11D3-BF4B-00C04F79EFBC}") = "Oliot", "Oliot\Oliot.csproj", "{093514F1-2233-4931-B105-B4EC8EE31EEA}"
EndProject
Global
	GlobalSection(SolutionConfigurationPlatforms) = preSolution
		Debug|Any CPU = Debug|Any CPU
		Release|Any CPU = Release|Any CPU
	EndGlobalSection
	GlobalSection(ProjectConfigurationPlatforms) = postSolution
		{093514F1-2233-4931-B105-B4EC8EE31EEA}.Debug|Any CPU.ActiveCfg = Debug|Any CPU
		{093514F1-2233-4931-B105-B4EC8EE31EEA}.Debug|Any CPU.Build.0 = Debug|Any CPU
		{093514F1-2233-4931-B105-B4EC8EE31EEA}.Release|Any CPU.ActiveCfg = Release|Any CPU
		{093514F1-2233-4931-B105-B4EC8EE31EEA}.Release|Any CPU.Build.0 = Release|Any CPU
	EndGlobalSection
	GlobalSection(SolutionProperties) = preSolution
		HideSolutionNode = FALSE
	EndGlobalSection
	GlobalSection(ExtensibilityGlobals) = postSolution
		SolutionGuid = {0806A2DD-0D4D-4F4D-9771-D0D50D6DA005}
	EndGlobalSection
EndGlobal
